
Microsoft Visual Studio Solution File, Format Version 10.00
# Visual Studio 2008
Project("{E24C65DC-7377-472B-9ABA-BC803B73C61A}") = "Demo-1-Html-ServerControls", "Demo-1-Html-ServerControls\", "{2732B217-305B-4E76-81E9-B620332FAB12}"
	ProjectSection(WebsiteProperties) = preProject
		TargetFramework = "2.0"
		Debug.AspNetCompiler.VirtualPath = "/Demo-1-Html-ServerControls"
		Debug.AspNetCompiler.PhysicalPath = "..\Demo-1-Html-ServerControls\"
		Debug.AspNetCompiler.TargetPath = "PrecompiledWeb\Demo-1-Html-ServerControls\"
		Debug.AspNetCompiler.Updateable = "true"
		Debug.AspNetCompiler.ForceOverwrite = "true"
		Debug.AspNetCompiler.FixedNames = "false"
		Debug.AspNetCompiler.Debug = "True"
		Release.AspNetCompiler.VirtualPath = "/Demo-1-Html-ServerControls"
		Release.AspNetCompiler.PhysicalPath = "..\Demo-1-Html-ServerControls\"
		Release.AspNetCompiler.TargetPath = "PrecompiledWeb\Demo-1-Html-ServerControls\"
		Release.AspNetCompiler.Updateable = "true"
		Release.AspNetCompiler.ForceOverwrite = "true"
		Release.AspNetCompiler.FixedNames = "false"
		Release.AspNetCompiler.Debug = "False"
		VWDPort = "1153"
	EndProjectSection
EndProject
Project("{E24C65DC-7377-472B-9ABA-BC803B73C61A}") = "Demo-2-HtmlGenericControl", "Demo-2-HtmlGenericControl\", "{0F7FC31D-F5BA-4643-BE0F-BD203CC17FB2}"
	ProjectSection(WebsiteProperties) = preProject
		TargetFramework = "2.0"
		Debug.AspNetCompiler.VirtualPath = "/Demo-2-HtmlGenericControl"
		Debug.AspNetCompiler.PhysicalPath = "Demo-2-HtmlGenericControl\"
		Debug.AspNetCompiler.TargetPath = "PrecompiledWeb\Demo-2-HtmlGenericControl\"
		Debug.AspNetCompiler.Updateable = "true"
		Debug.AspNetCompiler.ForceOverwrite = "true"
		Debug.AspNetCompiler.FixedNames = "false"
		Debug.AspNetCompiler.Debug = "True"
		Release.AspNetCompiler.VirtualPath = "/Demo-2-HtmlGenericControl"
		Release.AspNetCompiler.PhysicalPath = "Demo-2-HtmlGenericControl\"
		Release.AspNetCompiler.TargetPath = "PrecompiledWeb\Demo-2-HtmlGenericControl\"
		Release.AspNetCompiler.Updateable = "true"
		Release.AspNetCompiler.ForceOverwrite = "true"
		Release.AspNetCompiler.FixedNames = "false"
		Release.AspNetCompiler.Debug = "False"
		VWDPort = "1185"
	EndProjectSection
EndProject
Project("{E24C65DC-7377-472B-9ABA-BC803B73C61A}") = "Demo-3-Web-Server-Controls", "Demo-3-Web-Server-Controls\", "{C044C40B-1003-4728-8660-CEFE2784738A}"
	ProjectSection(WebsiteProperties) = preProject
		TargetFramework = "2.0"
		Debug.AspNetCompiler.VirtualPath = "/Demo-3-Web-Server-Controls"
		Debug.AspNetCompiler.PhysicalPath = "Demo-3-Web-Server-Controls\"
		Debug.AspNetCompiler.TargetPath = "PrecompiledWeb\Demo-3-Web-Server-Controls\"
		Debug.AspNetCompiler.Updateable = "true"
		Debug.AspNetCompiler.ForceOverwrite = "true"
		Debug.AspNetCompiler.FixedNames = "false"
		Debug.AspNetCompiler.Debug = "True"
		Release.AspNetCompiler.VirtualPath = "/Demo-3-Web-Server-Controls"
		Release.AspNetCompiler.PhysicalPath = "Demo-3-Web-Server-Controls\"
		Release.AspNetCompiler.TargetPath = "PrecompiledWeb\Demo-3-Web-Server-Controls\"
		Release.AspNetCompiler.Updateable = "true"
		Release.AspNetCompiler.ForceOverwrite = "true"
		Release.AspNetCompiler.FixedNames = "false"
		Release.AspNetCompiler.Debug = "False"
		VWDPort = "1139"
		DefaultWebSiteLanguage = "Visual C#"
	EndProjectSection
EndProject
Project("{E24C65DC-7377-472B-9ABA-BC803B73C61A}") = "Demo-4-Buttons", "Demo-4-Buttons\", "{6C9F71F4-CE29-4FEF-91C1-45A6A7FE25BF}"
	ProjectSection(WebsiteProperties) = preProject
		TargetFramework = "2.0"
		Debug.AspNetCompiler.VirtualPath = "/Demo-4-Buttons"
		Debug.AspNetCompiler.PhysicalPath = "Demo-4-Buttons\"
		Debug.AspNetCompiler.TargetPath = "PrecompiledWeb\Demo-4-Buttons\"
		Debug.AspNetCompiler.Updateable = "true"
		Debug.AspNetCompiler.ForceOverwrite = "true"
		Debug.AspNetCompiler.FixedNames = "false"
		Debug.AspNetCompiler.Debug = "True"
		Release.AspNetCompiler.VirtualPath = "/Demo-4-Buttons"
		Release.AspNetCompiler.PhysicalPath = "Demo-4-Buttons\"
		Release.AspNetCompiler.TargetPath = "PrecompiledWeb\Demo-4-Buttons\"
		Release.AspNetCompiler.Updateable = "true"
		Release.AspNetCompiler.ForceOverwrite = "true"
		Release.AspNetCompiler.FixedNames = "false"
		Release.AspNetCompiler.Debug = "False"
		VWDPort = "1173"
		DefaultWebSiteLanguage = "Visual C#"
	EndProjectSection
EndProject
Project("{E24C65DC-7377-472B-9ABA-BC803B73C61A}") = "Demo-5-Panel", "Demo-5-Panel\", "{10EFB9D5-B02A-447D-9215-7B9BEDA473DF}"
	ProjectSection(WebsiteProperties) = preProject
		TargetFramework = "2.0"
		Debug.AspNetCompiler.VirtualPath = "/Demo-5-Panel"
		Debug.AspNetCompiler.PhysicalPath = "Demo-5-Panel\"
		Debug.AspNetCompiler.TargetPath = "PrecompiledWeb\Demo-5-Panel\"
		Debug.AspNetCompiler.Updateable = "true"
		Debug.AspNetCompiler.ForceOverwrite = "true"
		Debug.AspNetCompiler.FixedNames = "false"
		Debug.AspNetCompiler.Debug = "True"
		Release.AspNetCompiler.VirtualPath = "/Demo-5-Panel"
		Release.AspNetCompiler.PhysicalPath = "Demo-5-Panel\"
		Release.AspNetCompiler.TargetPath = "PrecompiledWeb\Demo-5-Panel\"
		Release.AspNetCompiler.Updateable = "true"
		Release.AspNetCompiler.ForceOverwrite = "true"
		Release.AspNetCompiler.FixedNames = "false"
		Release.AspNetCompiler.Debug = "False"
		VWDPort = "1174"
		DefaultWebSiteLanguage = "Visual C#"
	EndProjectSection
EndProject
Project("{E24C65DC-7377-472B-9ABA-BC803B73C61A}") = "Demo-5-Custom-Control", "Demo-5-Custom-Control\", "{0769DD01-8F9B-4A39-A2CE-0AD09635EED3}"
	ProjectSection(WebsiteProperties) = preProject
		TargetFramework = "2.0"
		Debug.AspNetCompiler.VirtualPath = "/Demo-5-Custom-Control"
		Debug.AspNetCompiler.PhysicalPath = "Demo-5-Custom-Control\"
		Debug.AspNetCompiler.TargetPath = "PrecompiledWeb\Demo-5-Custom-Control\"
		Debug.AspNetCompiler.Updateable = "true"
		Debug.AspNetCompiler.ForceOverwrite = "true"
		Debug.AspNetCompiler.FixedNames = "false"
		Debug.AspNetCompiler.Debug = "True"
		Release.AspNetCompiler.VirtualPath = "/Demo-5-Custom-Control"
		Release.AspNetCompiler.PhysicalPath = "Demo-5-Custom-Control\"
		Release.AspNetCompiler.TargetPath = "PrecompiledWeb\Demo-5-Custom-Control\"
		Release.AspNetCompiler.Updateable = "true"
		Release.AspNetCompiler.ForceOverwrite = "true"
		Release.AspNetCompiler.FixedNames = "false"
		Release.AspNetCompiler.Debug = "False"
		VWDPort = "1408"
		DefaultWebSiteLanguage = "Visual C#"
	EndProjectSection
EndProject
Project("{E24C65DC-7377-472B-9ABA-BC803B73C61A}") = "Demo-7-HTML-Escaping", "Demo-7-HTML-Escaping\", "{9E13D13B-92D5-4AA5-8105-6D48A05D8F9F}"
	ProjectSection(WebsiteProperties) = preProject
		TargetFramework = "2.0"
		Debug.AspNetCompiler.VirtualPath = "/Demo-7-HTML-Escaping"
		Debug.AspNetCompiler.PhysicalPath = "Demo-7-HTML-Escaping\"
		Debug.AspNetCompiler.TargetPath = "PrecompiledWeb\Demo-7-HTML-Escaping\"
		Debug.AspNetCompiler.Updateable = "true"
		Debug.AspNetCompiler.ForceOverwrite = "true"
		Debug.AspNetCompiler.FixedNames = "false"
		Debug.AspNetCompiler.Debug = "True"
		Release.AspNetCompiler.VirtualPath = "/Demo-7-HTML-Escaping"
		Release.AspNetCompiler.PhysicalPath = "Demo-7-HTML-Escaping\"
		Release.AspNetCompiler.TargetPath = "PrecompiledWeb\Demo-7-HTML-Escaping\"
		Release.AspNetCompiler.Updateable = "true"
		Release.AspNetCompiler.ForceOverwrite = "true"
		Release.AspNetCompiler.FixedNames = "false"
		Release.AspNetCompiler.Debug = "False"
		VWDPort = "1536"
		DefaultWebSiteLanguage = "Visual C#"
	EndProjectSection
EndProject
Global
	GlobalSection(SolutionConfigurationPlatforms) = preSolution
		Debug|.NET = Debug|.NET
	EndGlobalSection
	GlobalSection(ProjectConfigurationPlatforms) = postSolution
		{2732B217-305B-4E76-81E9-B620332FAB12}.Debug|.NET.ActiveCfg = Debug|.NET
		{2732B217-305B-4E76-81E9-B620332FAB12}.Debug|.NET.Build.0 = Debug|.NET
		{0F7FC31D-F5BA-4643-BE0F-BD203CC17FB2}.Debug|.NET.ActiveCfg = Debug|.NET
		{0F7FC31D-F5BA-4643-BE0F-BD203CC17FB2}.Debug|.NET.Build.0 = Debug|.NET
		{C044C40B-1003-4728-8660-CEFE2784738A}.Debug|.NET.ActiveCfg = Debug|.NET
		{C044C40B-1003-4728-8660-CEFE2784738A}.Debug|.NET.Build.0 = Debug|.NET
		{6C9F71F4-CE29-4FEF-91C1-45A6A7FE25BF}.Debug|.NET.ActiveCfg = Debug|.NET
		{6C9F71F4-CE29-4FEF-91C1-45A6A7FE25BF}.Debug|.NET.Build.0 = Debug|.NET
		{10EFB9D5-B02A-447D-9215-7B9BEDA473DF}.Debug|.NET.ActiveCfg = Debug|.NET
		{10EFB9D5-B02A-447D-9215-7B9BEDA473DF}.Debug|.NET.Build.0 = Debug|.NET
		{0769DD01-8F9B-4A39-A2CE-0AD09635EED3}.Debug|.NET.ActiveCfg = Debug|.NET
		{0769DD01-8F9B-4A39-A2CE-0AD09635EED3}.Debug|.NET.Build.0 = Debug|.NET
		{9E13D13B-92D5-4AA5-8105-6D48A05D8F9F}.Debug|.NET.ActiveCfg = Debug|.NET
		{9E13D13B-92D5-4AA5-8105-6D48A05D8F9F}.Debug|.NET.Build.0 = Debug|.NET
	EndGlobalSection
	GlobalSection(SolutionProperties) = preSolution
		HideSolutionNode = FALSE
	EndGlobalSection
EndGlobal
