
Microsoft Visual Studio Solution File, Format Version 10.00
# Visual Studio 2008
Project("{FAE04EC0-301F-11D3-BF4B-00C04F79EFBC}") = "DataBindingDemo", "PropertiesAndDataBinding\DataBindingDemo.csproj", "{1274FA14-FBA8-4781-A4B2-2A8991003432}"
EndProject
Project("{E24C65DC-7377-472B-9ABA-BC803B73C61A}") = "PropertiesAndDataBindingWeb", "PropertiesAndDataBindingWeb\", "{F7D779CF-74C9-4C12-9DF1-D9B6645AFCCC}"
	ProjectSection(WebsiteProperties) = preProject
		TargetFramework = "3.5"
		Debug.AspNetCompiler.VirtualPath = "/PropertiesAndDataBindingWeb"
		Debug.AspNetCompiler.PhysicalPath = "PropertiesAndDataBindingWeb\"
		Debug.AspNetCompiler.TargetPath = "PrecompiledWeb\PropertiesAndDataBindingWeb\"
		Debug.AspNetCompiler.Updateable = "true"
		Debug.AspNetCompiler.ForceOverwrite = "true"
		Debug.AspNetCompiler.FixedNames = "false"
		Debug.AspNetCompiler.Debug = "True"
		Release.AspNetCompiler.VirtualPath = "/PropertiesAndDataBindingWeb"
		Release.AspNetCompiler.PhysicalPath = "PropertiesAndDataBindingWeb\"
		Release.AspNetCompiler.TargetPath = "PrecompiledWeb\PropertiesAndDataBindingWeb\"
		Release.AspNetCompiler.Updateable = "true"
		Release.AspNetCompiler.ForceOverwrite = "true"
		Release.AspNetCompiler.FixedNames = "false"
		Release.AspNetCompiler.Debug = "False"
		VWDPort = "2680"
		DefaultWebSiteLanguage = "Visual C#"
		ProjOutputReferences = "{1274FA14-FBA8-4781-A4B2-2A8991003432}|ClientBin|false;{2D9CD7B7-E720-4D40-BD0D-AEAF6AE50F27}|ClientBin|false;{904B7932-2841-4104-A939-F4A4D1C940DC}|ClientBin|false;"
	EndProjectSection
EndProject
Project("{FAE04EC0-301F-11D3-BF4B-00C04F79EFBC}") = "BindingAtRuntimeDemo", "BindingAtRuntime\BindingAtRuntimeDemo.csproj", "{2D9CD7B7-E720-4D40-BD0D-AEAF6AE50F27}"
EndProject
Project("{FAE04EC0-301F-11D3-BF4B-00C04F79EFBC}") = "UsingTheTemplateDemo", "UsingTheTemplateDemo\UsingTheTemplateDemo.csproj", "{904B7932-2841-4104-A939-F4A4D1C940DC}"
EndProject
Global
	GlobalSection(SolutionConfigurationPlatforms) = preSolution
		Debug|.NET = Debug|.NET
		Debug|Any CPU = Debug|Any CPU
		Debug|Mixed Platforms = Debug|Mixed Platforms
		Release|.NET = Release|.NET
		Release|Any CPU = Release|Any CPU
		Release|Mixed Platforms = Release|Mixed Platforms
	EndGlobalSection
	GlobalSection(ProjectConfigurationPlatforms) = postSolution
		{1274FA14-FBA8-4781-A4B2-2A8991003432}.Debug|.NET.ActiveCfg = Debug|Any CPU
		{1274FA14-FBA8-4781-A4B2-2A8991003432}.Debug|Any CPU.ActiveCfg = Debug|Any CPU
		{1274FA14-FBA8-4781-A4B2-2A8991003432}.Debug|Any CPU.Build.0 = Debug|Any CPU
		{1274FA14-FBA8-4781-A4B2-2A8991003432}.Debug|Mixed Platforms.ActiveCfg = Debug|Any CPU
		{1274FA14-FBA8-4781-A4B2-2A8991003432}.Debug|Mixed Platforms.Build.0 = Debug|Any CPU
		{1274FA14-FBA8-4781-A4B2-2A8991003432}.Release|.NET.ActiveCfg = Release|Any CPU
		{1274FA14-FBA8-4781-A4B2-2A8991003432}.Release|Any CPU.ActiveCfg = Release|Any CPU
		{1274FA14-FBA8-4781-A4B2-2A8991003432}.Release|Any CPU.Build.0 = Release|Any CPU
		{1274FA14-FBA8-4781-A4B2-2A8991003432}.Release|Mixed Platforms.ActiveCfg = Release|Any CPU
		{1274FA14-FBA8-4781-A4B2-2A8991003432}.Release|Mixed Platforms.Build.0 = Release|Any CPU
		{F7D779CF-74C9-4C12-9DF1-D9B6645AFCCC}.Debug|.NET.ActiveCfg = Debug|.NET
		{F7D779CF-74C9-4C12-9DF1-D9B6645AFCCC}.Debug|.NET.Build.0 = Debug|.NET
		{F7D779CF-74C9-4C12-9DF1-D9B6645AFCCC}.Debug|Any CPU.ActiveCfg = Debug|.NET
		{F7D779CF-74C9-4C12-9DF1-D9B6645AFCCC}.Debug|Mixed Platforms.ActiveCfg = Debug|.NET
		{F7D779CF-74C9-4C12-9DF1-D9B6645AFCCC}.Debug|Mixed Platforms.Build.0 = Debug|.NET
		{F7D779CF-74C9-4C12-9DF1-D9B6645AFCCC}.Release|.NET.ActiveCfg = Debug|.NET
		{F7D779CF-74C9-4C12-9DF1-D9B6645AFCCC}.Release|.NET.Build.0 = Debug|.NET
		{F7D779CF-74C9-4C12-9DF1-D9B6645AFCCC}.Release|Any CPU.ActiveCfg = Debug|.NET
		{F7D779CF-74C9-4C12-9DF1-D9B6645AFCCC}.Release|Mixed Platforms.ActiveCfg = Debug|.NET
		{F7D779CF-74C9-4C12-9DF1-D9B6645AFCCC}.Release|Mixed Platforms.Build.0 = Debug|.NET
		{2D9CD7B7-E720-4D40-BD0D-AEAF6AE50F27}.Debug|.NET.ActiveCfg = Debug|Any CPU
		{2D9CD7B7-E720-4D40-BD0D-AEAF6AE50F27}.Debug|Any CPU.ActiveCfg = Debug|Any CPU
		{2D9CD7B7-E720-4D40-BD0D-AEAF6AE50F27}.Debug|Any CPU.Build.0 = Debug|Any CPU
		{2D9CD7B7-E720-4D40-BD0D-AEAF6AE50F27}.Debug|Mixed Platforms.ActiveCfg = Debug|Any CPU
		{2D9CD7B7-E720-4D40-BD0D-AEAF6AE50F27}.Debug|Mixed Platforms.Build.0 = Debug|Any CPU
		{2D9CD7B7-E720-4D40-BD0D-AEAF6AE50F27}.Release|.NET.ActiveCfg = Release|Any CPU
		{2D9CD7B7-E720-4D40-BD0D-AEAF6AE50F27}.Release|Any CPU.ActiveCfg = Release|Any CPU
		{2D9CD7B7-E720-4D40-BD0D-AEAF6AE50F27}.Release|Any CPU.Build.0 = Release|Any CPU
		{2D9CD7B7-E720-4D40-BD0D-AEAF6AE50F27}.Release|Mixed Platforms.ActiveCfg = Release|Any CPU
		{2D9CD7B7-E720-4D40-BD0D-AEAF6AE50F27}.Release|Mixed Platforms.Build.0 = Release|Any CPU
		{904B7932-2841-4104-A939-F4A4D1C940DC}.Debug|.NET.ActiveCfg = Debug|Any CPU
		{904B7932-2841-4104-A939-F4A4D1C940DC}.Debug|Any CPU.ActiveCfg = Debug|Any CPU
		{904B7932-2841-4104-A939-F4A4D1C940DC}.Debug|Any CPU.Build.0 = Debug|Any CPU
		{904B7932-2841-4104-A939-F4A4D1C940DC}.Debug|Mixed Platforms.ActiveCfg = Debug|Any CPU
		{904B7932-2841-4104-A939-F4A4D1C940DC}.Debug|Mixed Platforms.Build.0 = Debug|Any CPU
		{904B7932-2841-4104-A939-F4A4D1C940DC}.Release|.NET.ActiveCfg = Release|Any CPU
		{904B7932-2841-4104-A939-F4A4D1C940DC}.Release|Any CPU.ActiveCfg = Release|Any CPU
		{904B7932-2841-4104-A939-F4A4D1C940DC}.Release|Any CPU.Build.0 = Release|Any CPU
		{904B7932-2841-4104-A939-F4A4D1C940DC}.Release|Mixed Platforms.ActiveCfg = Release|Any CPU
		{904B7932-2841-4104-A939-F4A4D1C940DC}.Release|Mixed Platforms.Build.0 = Release|Any CPU
	EndGlobalSection
	GlobalSection(SolutionProperties) = preSolution
		HideSolutionNode = FALSE
	EndGlobalSection
EndGlobal
