
Microsoft Visual Studio Solution File, Format Version 10.00
# Visual Studio 2008
Project("{FAE04EC0-301F-11D3-BF4B-00C04F79EFBC}") = "LineRectEllipseGeometries", "LineRectEllipseGeometries\LineRectEllipseGeometries.csproj", "{D2BF7D83-3E65-4F31-8011-97EE095083E8}"
EndProject
Project("{E24C65DC-7377-472B-9ABA-BC803B73C61A}") = "LineRectEllipseGeometries_Web", "LineRectEllipseGeometries_Web\", "{51A386E8-70FA-4EE3-80F9-0A6F54FDDC3F}"
	ProjectSection(WebsiteProperties) = preProject
		TargetFramework = "3.5"
		Debug.AspNetCompiler.VirtualPath = "/LineRectEllipseGeometries_Web"
		Debug.AspNetCompiler.PhysicalPath = "LineRectEllipseGeometries_Web\"
		Debug.AspNetCompiler.TargetPath = "PrecompiledWeb\LineRectEllipseGeometries_Web\"
		Debug.AspNetCompiler.Updateable = "true"
		Debug.AspNetCompiler.ForceOverwrite = "true"
		Debug.AspNetCompiler.FixedNames = "false"
		Debug.AspNetCompiler.Debug = "True"
		Release.AspNetCompiler.VirtualPath = "/LineRectEllipseGeometries_Web"
		Release.AspNetCompiler.PhysicalPath = "LineRectEllipseGeometries_Web\"
		Release.AspNetCompiler.TargetPath = "PrecompiledWeb\LineRectEllipseGeometries_Web\"
		Release.AspNetCompiler.Updateable = "true"
		Release.AspNetCompiler.ForceOverwrite = "true"
		Release.AspNetCompiler.FixedNames = "false"
		Release.AspNetCompiler.Debug = "False"
		VWDPort = "3603"
		DefaultWebSiteLanguage = "Visual C#"
		ProjOutputReferences = "{D2BF7D83-3E65-4F31-8011-97EE095083E8}|;{783721CD-855D-4D48-9E78-EB78FCE24EF9}|;{D4D5E0C0-2B8A-4B24-BE06-A746FBB04610}|;{5C8DBDCD-CC5D-4C37-B1FC-77ECEA782241}|;{D9EE845D-4A0A-424A-9361-C723867CB765}|;{6F8703DF-DEE5-4F27-9A96-4DC2B7B08C04}|;"
	EndProjectSection
EndProject
Project("{FAE04EC0-301F-11D3-BF4B-00C04F79EFBC}") = "PathDemo", "PathDemo\PathDemo.csproj", "{783721CD-855D-4D48-9E78-EB78FCE24EF9}"
EndProject
Project("{FAE04EC0-301F-11D3-BF4B-00C04F79EFBC}") = "CurvesDemo", "CurvesDemo\CurvesDemo.csproj", "{D4D5E0C0-2B8A-4B24-BE06-A746FBB04610}"
EndProject
Project("{FAE04EC0-301F-11D3-BF4B-00C04F79EFBC}") = "GradientBrushesDemo", "GradientBrushesDemo\GradientBrushesDemo.csproj", "{5C8DBDCD-CC5D-4C37-B1FC-77ECEA782241}"
EndProject
Project("{FAE04EC0-301F-11D3-BF4B-00C04F79EFBC}") = "BrushesToFillText", "BrushesToFillText\BrushesToFillText.csproj", "{D9EE845D-4A0A-424A-9361-C723867CB765}"
EndProject
Project("{FAE04EC0-301F-11D3-BF4B-00C04F79EFBC}") = "ImagesAndTransparency", "ImagesAndTransparency\ImagesAndTransparency.csproj", "{6F8703DF-DEE5-4F27-9A96-4DC2B7B08C04}"
EndProject
Global
	GlobalSection(SolutionConfigurationPlatforms) = preSolution
		Debug|.NET = Debug|.NET
		Debug|Any CPU = Debug|Any CPU
		Debug|Mixed Platforms = Debug|Mixed Platforms
		Release|.NET = Release|.NET
		Release|Any CPU = Release|Any CPU
		Release|Mixed Platforms = Release|Mixed Platforms
	EndGlobalSection
	GlobalSection(ProjectConfigurationPlatforms) = postSolution
		{D2BF7D83-3E65-4F31-8011-97EE095083E8}.Debug|.NET.ActiveCfg = Debug|Any CPU
		{D2BF7D83-3E65-4F31-8011-97EE095083E8}.Debug|Any CPU.ActiveCfg = Debug|Any CPU
		{D2BF7D83-3E65-4F31-8011-97EE095083E8}.Debug|Any CPU.Build.0 = Debug|Any CPU
		{D2BF7D83-3E65-4F31-8011-97EE095083E8}.Debug|Mixed Platforms.ActiveCfg = Debug|Any CPU
		{D2BF7D83-3E65-4F31-8011-97EE095083E8}.Debug|Mixed Platforms.Build.0 = Debug|Any CPU
		{D2BF7D83-3E65-4F31-8011-97EE095083E8}.Release|.NET.ActiveCfg = Release|Any CPU
		{D2BF7D83-3E65-4F31-8011-97EE095083E8}.Release|Any CPU.ActiveCfg = Release|Any CPU
		{D2BF7D83-3E65-4F31-8011-97EE095083E8}.Release|Any CPU.Build.0 = Release|Any CPU
		{D2BF7D83-3E65-4F31-8011-97EE095083E8}.Release|Mixed Platforms.ActiveCfg = Release|Any CPU
		{D2BF7D83-3E65-4F31-8011-97EE095083E8}.Release|Mixed Platforms.Build.0 = Release|Any CPU
		{51A386E8-70FA-4EE3-80F9-0A6F54FDDC3F}.Debug|.NET.ActiveCfg = Debug|.NET
		{51A386E8-70FA-4EE3-80F9-0A6F54FDDC3F}.Debug|.NET.Build.0 = Debug|.NET
		{51A386E8-70FA-4EE3-80F9-0A6F54FDDC3F}.Debug|Any CPU.ActiveCfg = Debug|.NET
		{51A386E8-70FA-4EE3-80F9-0A6F54FDDC3F}.Debug|Mixed Platforms.ActiveCfg = Debug|.NET
		{51A386E8-70FA-4EE3-80F9-0A6F54FDDC3F}.Debug|Mixed Platforms.Build.0 = Debug|.NET
		{51A386E8-70FA-4EE3-80F9-0A6F54FDDC3F}.Release|.NET.ActiveCfg = Debug|.NET
		{51A386E8-70FA-4EE3-80F9-0A6F54FDDC3F}.Release|.NET.Build.0 = Debug|.NET
		{51A386E8-70FA-4EE3-80F9-0A6F54FDDC3F}.Release|Any CPU.ActiveCfg = Debug|.NET
		{51A386E8-70FA-4EE3-80F9-0A6F54FDDC3F}.Release|Mixed Platforms.ActiveCfg = Debug|.NET
		{51A386E8-70FA-4EE3-80F9-0A6F54FDDC3F}.Release|Mixed Platforms.Build.0 = Debug|.NET
		{783721CD-855D-4D48-9E78-EB78FCE24EF9}.Debug|.NET.ActiveCfg = Debug|Any CPU
		{783721CD-855D-4D48-9E78-EB78FCE24EF9}.Debug|Any CPU.ActiveCfg = Debug|Any CPU
		{783721CD-855D-4D48-9E78-EB78FCE24EF9}.Debug|Any CPU.Build.0 = Debug|Any CPU
		{783721CD-855D-4D48-9E78-EB78FCE24EF9}.Debug|Mixed Platforms.ActiveCfg = Debug|Any CPU
		{783721CD-855D-4D48-9E78-EB78FCE24EF9}.Debug|Mixed Platforms.Build.0 = Debug|Any CPU
		{783721CD-855D-4D48-9E78-EB78FCE24EF9}.Release|.NET.ActiveCfg = Release|Any CPU
		{783721CD-855D-4D48-9E78-EB78FCE24EF9}.Release|Any CPU.ActiveCfg = Release|Any CPU
		{783721CD-855D-4D48-9E78-EB78FCE24EF9}.Release|Any CPU.Build.0 = Release|Any CPU
		{783721CD-855D-4D48-9E78-EB78FCE24EF9}.Release|Mixed Platforms.ActiveCfg = Release|Any CPU
		{783721CD-855D-4D48-9E78-EB78FCE24EF9}.Release|Mixed Platforms.Build.0 = Release|Any CPU
		{D4D5E0C0-2B8A-4B24-BE06-A746FBB04610}.Debug|.NET.ActiveCfg = Debug|Any CPU
		{D4D5E0C0-2B8A-4B24-BE06-A746FBB04610}.Debug|Any CPU.ActiveCfg = Debug|Any CPU
		{D4D5E0C0-2B8A-4B24-BE06-A746FBB04610}.Debug|Any CPU.Build.0 = Debug|Any CPU
		{D4D5E0C0-2B8A-4B24-BE06-A746FBB04610}.Debug|Mixed Platforms.ActiveCfg = Debug|Any CPU
		{D4D5E0C0-2B8A-4B24-BE06-A746FBB04610}.Debug|Mixed Platforms.Build.0 = Debug|Any CPU
		{D4D5E0C0-2B8A-4B24-BE06-A746FBB04610}.Release|.NET.ActiveCfg = Release|Any CPU
		{D4D5E0C0-2B8A-4B24-BE06-A746FBB04610}.Release|Any CPU.ActiveCfg = Release|Any CPU
		{D4D5E0C0-2B8A-4B24-BE06-A746FBB04610}.Release|Any CPU.Build.0 = Release|Any CPU
		{D4D5E0C0-2B8A-4B24-BE06-A746FBB04610}.Release|Mixed Platforms.ActiveCfg = Release|Any CPU
		{D4D5E0C0-2B8A-4B24-BE06-A746FBB04610}.Release|Mixed Platforms.Build.0 = Release|Any CPU
		{5C8DBDCD-CC5D-4C37-B1FC-77ECEA782241}.Debug|.NET.ActiveCfg = Debug|Any CPU
		{5C8DBDCD-CC5D-4C37-B1FC-77ECEA782241}.Debug|Any CPU.ActiveCfg = Debug|Any CPU
		{5C8DBDCD-CC5D-4C37-B1FC-77ECEA782241}.Debug|Any CPU.Build.0 = Debug|Any CPU
		{5C8DBDCD-CC5D-4C37-B1FC-77ECEA782241}.Debug|Mixed Platforms.ActiveCfg = Debug|Any CPU
		{5C8DBDCD-CC5D-4C37-B1FC-77ECEA782241}.Debug|Mixed Platforms.Build.0 = Debug|Any CPU
		{5C8DBDCD-CC5D-4C37-B1FC-77ECEA782241}.Release|.NET.ActiveCfg = Release|Any CPU
		{5C8DBDCD-CC5D-4C37-B1FC-77ECEA782241}.Release|Any CPU.ActiveCfg = Release|Any CPU
		{5C8DBDCD-CC5D-4C37-B1FC-77ECEA782241}.Release|Any CPU.Build.0 = Release|Any CPU
		{5C8DBDCD-CC5D-4C37-B1FC-77ECEA782241}.Release|Mixed Platforms.ActiveCfg = Release|Any CPU
		{5C8DBDCD-CC5D-4C37-B1FC-77ECEA782241}.Release|Mixed Platforms.Build.0 = Release|Any CPU
		{D9EE845D-4A0A-424A-9361-C723867CB765}.Debug|.NET.ActiveCfg = Debug|Any CPU
		{D9EE845D-4A0A-424A-9361-C723867CB765}.Debug|Any CPU.ActiveCfg = Debug|Any CPU
		{D9EE845D-4A0A-424A-9361-C723867CB765}.Debug|Any CPU.Build.0 = Debug|Any CPU
		{D9EE845D-4A0A-424A-9361-C723867CB765}.Debug|Mixed Platforms.ActiveCfg = Debug|Any CPU
		{D9EE845D-4A0A-424A-9361-C723867CB765}.Debug|Mixed Platforms.Build.0 = Debug|Any CPU
		{D9EE845D-4A0A-424A-9361-C723867CB765}.Release|.NET.ActiveCfg = Release|Any CPU
		{D9EE845D-4A0A-424A-9361-C723867CB765}.Release|Any CPU.ActiveCfg = Release|Any CPU
		{D9EE845D-4A0A-424A-9361-C723867CB765}.Release|Any CPU.Build.0 = Release|Any CPU
		{D9EE845D-4A0A-424A-9361-C723867CB765}.Release|Mixed Platforms.ActiveCfg = Release|Any CPU
		{D9EE845D-4A0A-424A-9361-C723867CB765}.Release|Mixed Platforms.Build.0 = Release|Any CPU
		{6F8703DF-DEE5-4F27-9A96-4DC2B7B08C04}.Debug|.NET.ActiveCfg = Debug|Any CPU
		{6F8703DF-DEE5-4F27-9A96-4DC2B7B08C04}.Debug|Any CPU.ActiveCfg = Debug|Any CPU
		{6F8703DF-DEE5-4F27-9A96-4DC2B7B08C04}.Debug|Any CPU.Build.0 = Debug|Any CPU
		{6F8703DF-DEE5-4F27-9A96-4DC2B7B08C04}.Debug|Mixed Platforms.ActiveCfg = Debug|Any CPU
		{6F8703DF-DEE5-4F27-9A96-4DC2B7B08C04}.Debug|Mixed Platforms.Build.0 = Debug|Any CPU
		{6F8703DF-DEE5-4F27-9A96-4DC2B7B08C04}.Release|.NET.ActiveCfg = Release|Any CPU
		{6F8703DF-DEE5-4F27-9A96-4DC2B7B08C04}.Release|Any CPU.ActiveCfg = Release|Any CPU
		{6F8703DF-DEE5-4F27-9A96-4DC2B7B08C04}.Release|Any CPU.Build.0 = Release|Any CPU
		{6F8703DF-DEE5-4F27-9A96-4DC2B7B08C04}.Release|Mixed Platforms.ActiveCfg = Release|Any CPU
		{6F8703DF-DEE5-4F27-9A96-4DC2B7B08C04}.Release|Mixed Platforms.Build.0 = Release|Any CPU
	EndGlobalSection
	GlobalSection(SolutionProperties) = preSolution
		HideSolutionNode = FALSE
	EndGlobalSection
EndGlobal
