
Microsoft Visual Studio Solution File, Format Version 10.00
# Visual Studio 2008
Project("{FAE04EC0-301F-11D3-BF4B-00C04F79EFBC}") = "PropertyElements", "PropertyElements\PropertyElements.csproj", "{EB319044-EF09-4BF8-8FA7-AA68E84A2DB2}"
EndProject
Project("{FAE04EC0-301F-11D3-BF4B-00C04F79EFBC}") = "AttachedPropertiesDemo", "AttachedPropertiesDemo\AttachedPropertiesDemo.csproj", "{EDE9A219-7E6D-4691-BC53-E88463B2127E}"
EndProject
Project("{FAE04EC0-301F-11D3-BF4B-00C04F79EFBC}") = "CustomizeZorderDemo", "CustomizeZorderDemo\CustomizeZorderDemo.csproj", "{0D00EAB6-8B6D-4B26-B09E-59D8A3698088}"
EndProject
Project("{FAE04EC0-301F-11D3-BF4B-00C04F79EFBC}") = "SilverlightTextDemo", "SilverlightTextDemo\SilverlightTextDemo.csproj", "{C2931180-FFD6-409F-8919-5A2BA866067D}"
EndProject
Project("{FAE04EC0-301F-11D3-BF4B-00C04F79EFBC}") = "ShapesDemo", "ShapesDemo\ShapesDemo.csproj", "{D762EB36-91F5-428E-AB61-5A5539A6D450}"
EndProject
Project("{FAE04EC0-301F-11D3-BF4B-00C04F79EFBC}") = "BezierCurvesDemo", "BezierCurvesDemo\BezierCurvesDemo.csproj", "{C6F20ADC-826B-4CCF-B343-AE8307DB7790}"
EndProject
Project("{FAE04EC0-301F-11D3-BF4B-00C04F79EFBC}") = "AnimationDemo", "AnimationDemo\AnimationDemo.csproj", "{945B87F5-E5A2-48FB-A5DB-E29F638C6E84}"
EndProject
Global
	GlobalSection(SolutionConfigurationPlatforms) = preSolution
		Debug|Any CPU = Debug|Any CPU
		Release|Any CPU = Release|Any CPU
	EndGlobalSection
	GlobalSection(ProjectConfigurationPlatforms) = postSolution
		{EB319044-EF09-4BF8-8FA7-AA68E84A2DB2}.Debug|Any CPU.ActiveCfg = Debug|Any CPU
		{EB319044-EF09-4BF8-8FA7-AA68E84A2DB2}.Debug|Any CPU.Build.0 = Debug|Any CPU
		{EB319044-EF09-4BF8-8FA7-AA68E84A2DB2}.Release|Any CPU.ActiveCfg = Release|Any CPU
		{EB319044-EF09-4BF8-8FA7-AA68E84A2DB2}.Release|Any CPU.Build.0 = Release|Any CPU
		{EDE9A219-7E6D-4691-BC53-E88463B2127E}.Debug|Any CPU.ActiveCfg = Debug|Any CPU
		{EDE9A219-7E6D-4691-BC53-E88463B2127E}.Debug|Any CPU.Build.0 = Debug|Any CPU
		{EDE9A219-7E6D-4691-BC53-E88463B2127E}.Release|Any CPU.ActiveCfg = Release|Any CPU
		{EDE9A219-7E6D-4691-BC53-E88463B2127E}.Release|Any CPU.Build.0 = Release|Any CPU
		{0D00EAB6-8B6D-4B26-B09E-59D8A3698088}.Debug|Any CPU.ActiveCfg = Debug|Any CPU
		{0D00EAB6-8B6D-4B26-B09E-59D8A3698088}.Debug|Any CPU.Build.0 = Debug|Any CPU
		{0D00EAB6-8B6D-4B26-B09E-59D8A3698088}.Release|Any CPU.ActiveCfg = Release|Any CPU
		{0D00EAB6-8B6D-4B26-B09E-59D8A3698088}.Release|Any CPU.Build.0 = Release|Any CPU
		{C2931180-FFD6-409F-8919-5A2BA866067D}.Debug|Any CPU.ActiveCfg = Debug|Any CPU
		{C2931180-FFD6-409F-8919-5A2BA866067D}.Debug|Any CPU.Build.0 = Debug|Any CPU
		{C2931180-FFD6-409F-8919-5A2BA866067D}.Release|Any CPU.ActiveCfg = Release|Any CPU
		{C2931180-FFD6-409F-8919-5A2BA866067D}.Release|Any CPU.Build.0 = Release|Any CPU
		{D762EB36-91F5-428E-AB61-5A5539A6D450}.Debug|Any CPU.ActiveCfg = Debug|Any CPU
		{D762EB36-91F5-428E-AB61-5A5539A6D450}.Debug|Any CPU.Build.0 = Debug|Any CPU
		{D762EB36-91F5-428E-AB61-5A5539A6D450}.Release|Any CPU.ActiveCfg = Release|Any CPU
		{D762EB36-91F5-428E-AB61-5A5539A6D450}.Release|Any CPU.Build.0 = Release|Any CPU
		{C6F20ADC-826B-4CCF-B343-AE8307DB7790}.Debug|Any CPU.ActiveCfg = Debug|Any CPU
		{C6F20ADC-826B-4CCF-B343-AE8307DB7790}.Debug|Any CPU.Build.0 = Debug|Any CPU
		{C6F20ADC-826B-4CCF-B343-AE8307DB7790}.Release|Any CPU.ActiveCfg = Release|Any CPU
		{C6F20ADC-826B-4CCF-B343-AE8307DB7790}.Release|Any CPU.Build.0 = Release|Any CPU
		{945B87F5-E5A2-48FB-A5DB-E29F638C6E84}.Debug|Any CPU.ActiveCfg = Debug|Any CPU
		{945B87F5-E5A2-48FB-A5DB-E29F638C6E84}.Debug|Any CPU.Build.0 = Debug|Any CPU
		{945B87F5-E5A2-48FB-A5DB-E29F638C6E84}.Release|Any CPU.ActiveCfg = Release|Any CPU
		{945B87F5-E5A2-48FB-A5DB-E29F638C6E84}.Release|Any CPU.Build.0 = Release|Any CPU
	EndGlobalSection
	GlobalSection(SolutionProperties) = preSolution
		HideSolutionNode = FALSE
	EndGlobalSection
EndGlobal
