
Microsoft Visual Studio Solution File, Format Version 10.00
# Visual Studio 2008
Project("{FAE04EC0-301F-11D3-BF4B-00C04F79EFBC}") = "EventListenersDemo", "InteractionWithTheUser\EventListenersDemo.csproj", "{EAEE1284-C550-4E7E-80F9-D02AC9B335CF}"
EndProject
Project("{E24C65DC-7377-472B-9ABA-BC803B73C61A}") = "InteractionWithTheUser_Web", "InteractionWithTheUser_Web\", "{D45BD9F3-098A-4198-9D90-E3A887A1B32B}"
	ProjectSection(WebsiteProperties) = preProject
		TargetFramework = "3.5"
		Debug.AspNetCompiler.VirtualPath = "/InteractionWithTheUser_Web"
		Debug.AspNetCompiler.PhysicalPath = "InteractionWithTheUser_Web\"
		Debug.AspNetCompiler.TargetPath = "PrecompiledWeb\InteractionWithTheUser_Web\"
		Debug.AspNetCompiler.Updateable = "true"
		Debug.AspNetCompiler.ForceOverwrite = "true"
		Debug.AspNetCompiler.FixedNames = "false"
		Debug.AspNetCompiler.Debug = "True"
		Release.AspNetCompiler.VirtualPath = "/InteractionWithTheUser_Web"
		Release.AspNetCompiler.PhysicalPath = "InteractionWithTheUser_Web\"
		Release.AspNetCompiler.TargetPath = "PrecompiledWeb\InteractionWithTheUser_Web\"
		Release.AspNetCompiler.Updateable = "true"
		Release.AspNetCompiler.ForceOverwrite = "true"
		Release.AspNetCompiler.FixedNames = "false"
		Release.AspNetCompiler.Debug = "False"
		VWDPort = "2989"
		DefaultWebSiteLanguage = "Visual C#"
		ProjOutputReferences = "{EAEE1284-C550-4E7E-80F9-D02AC9B335CF}|ClientBin|false;{094788F3-CEBD-49F6-9F7B-00887AE3A061}|ClientBin/ClientBin|false;{8D0C1DBB-3055-4FB5-83D9-6699ECB6F08C}|ClientBin/ClientBin/ClientBin|false;{1729C433-D43D-42C4-AA9E-848B845EBC11}|ClientBin/ClientBin/ClientBin/ClientBin|false;{EE3EFD40-537D-43AF-B2C3-FAC3D65B0753}|ClientBin/ClientBin/ClientBin/ClientBin/ClientBin|false;{76590B93-EB83-4127-A860-C743D4D82021}|ClientBin|false;"
	EndProjectSection
EndProject
Project("{FAE04EC0-301F-11D3-BF4B-00C04F79EFBC}") = "MouseEventsDemo", "MouseEvents\MouseEventsDemo.csproj", "{094788F3-CEBD-49F6-9F7B-00887AE3A061}"
EndProject
Project("{FAE04EC0-301F-11D3-BF4B-00C04F79EFBC}") = "MousePositionDemo", "MousePositionDemo\MousePositionDemo.csproj", "{8D0C1DBB-3055-4FB5-83D9-6699ECB6F08C}"
EndProject
Project("{FAE04EC0-301F-11D3-BF4B-00C04F79EFBC}") = "EventBubblingDemo", "EventBubblingDemo\EventBubblingDemo.csproj", "{1729C433-D43D-42C4-AA9E-848B845EBC11}"
EndProject
Project("{FAE04EC0-301F-11D3-BF4B-00C04F79EFBC}") = "KeyboardEventsDemo", "KeyboardEventsDemo\KeyboardEventsDemo.csproj", "{EE3EFD40-537D-43AF-B2C3-FAC3D65B0753}"
EndProject
Project("{FAE04EC0-301F-11D3-BF4B-00C04F79EFBC}") = "RoutedEventsDemo", "RoutedEventsDemo\RoutedEventsDemo.csproj", "{76590B93-EB83-4127-A860-C743D4D82021}"
EndProject
Global
	GlobalSection(SolutionConfigurationPlatforms) = preSolution
		Debug|.NET = Debug|.NET
		Debug|Any CPU = Debug|Any CPU
		Debug|Mixed Platforms = Debug|Mixed Platforms
		Release|.NET = Release|.NET
		Release|Any CPU = Release|Any CPU
		Release|Mixed Platforms = Release|Mixed Platforms
	EndGlobalSection
	GlobalSection(ProjectConfigurationPlatforms) = postSolution
		{EAEE1284-C550-4E7E-80F9-D02AC9B335CF}.Debug|.NET.ActiveCfg = Debug|Any CPU
		{EAEE1284-C550-4E7E-80F9-D02AC9B335CF}.Debug|Any CPU.ActiveCfg = Debug|Any CPU
		{EAEE1284-C550-4E7E-80F9-D02AC9B335CF}.Debug|Any CPU.Build.0 = Debug|Any CPU
		{EAEE1284-C550-4E7E-80F9-D02AC9B335CF}.Debug|Mixed Platforms.ActiveCfg = Debug|Any CPU
		{EAEE1284-C550-4E7E-80F9-D02AC9B335CF}.Debug|Mixed Platforms.Build.0 = Debug|Any CPU
		{EAEE1284-C550-4E7E-80F9-D02AC9B335CF}.Release|.NET.ActiveCfg = Release|Any CPU
		{EAEE1284-C550-4E7E-80F9-D02AC9B335CF}.Release|Any CPU.ActiveCfg = Release|Any CPU
		{EAEE1284-C550-4E7E-80F9-D02AC9B335CF}.Release|Any CPU.Build.0 = Release|Any CPU
		{EAEE1284-C550-4E7E-80F9-D02AC9B335CF}.Release|Mixed Platforms.ActiveCfg = Release|Any CPU
		{EAEE1284-C550-4E7E-80F9-D02AC9B335CF}.Release|Mixed Platforms.Build.0 = Release|Any CPU
		{D45BD9F3-098A-4198-9D90-E3A887A1B32B}.Debug|.NET.ActiveCfg = Debug|.NET
		{D45BD9F3-098A-4198-9D90-E3A887A1B32B}.Debug|.NET.Build.0 = Debug|.NET
		{D45BD9F3-098A-4198-9D90-E3A887A1B32B}.Debug|Any CPU.ActiveCfg = Debug|.NET
		{D45BD9F3-098A-4198-9D90-E3A887A1B32B}.Debug|Mixed Platforms.ActiveCfg = Debug|.NET
		{D45BD9F3-098A-4198-9D90-E3A887A1B32B}.Debug|Mixed Platforms.Build.0 = Debug|.NET
		{D45BD9F3-098A-4198-9D90-E3A887A1B32B}.Release|.NET.ActiveCfg = Debug|.NET
		{D45BD9F3-098A-4198-9D90-E3A887A1B32B}.Release|.NET.Build.0 = Debug|.NET
		{D45BD9F3-098A-4198-9D90-E3A887A1B32B}.Release|Any CPU.ActiveCfg = Debug|.NET
		{D45BD9F3-098A-4198-9D90-E3A887A1B32B}.Release|Mixed Platforms.ActiveCfg = Debug|.NET
		{D45BD9F3-098A-4198-9D90-E3A887A1B32B}.Release|Mixed Platforms.Build.0 = Debug|.NET
		{094788F3-CEBD-49F6-9F7B-00887AE3A061}.Debug|.NET.ActiveCfg = Debug|Any CPU
		{094788F3-CEBD-49F6-9F7B-00887AE3A061}.Debug|Any CPU.ActiveCfg = Debug|Any CPU
		{094788F3-CEBD-49F6-9F7B-00887AE3A061}.Debug|Any CPU.Build.0 = Debug|Any CPU
		{094788F3-CEBD-49F6-9F7B-00887AE3A061}.Debug|Mixed Platforms.ActiveCfg = Debug|Any CPU
		{094788F3-CEBD-49F6-9F7B-00887AE3A061}.Debug|Mixed Platforms.Build.0 = Debug|Any CPU
		{094788F3-CEBD-49F6-9F7B-00887AE3A061}.Release|.NET.ActiveCfg = Release|Any CPU
		{094788F3-CEBD-49F6-9F7B-00887AE3A061}.Release|Any CPU.ActiveCfg = Release|Any CPU
		{094788F3-CEBD-49F6-9F7B-00887AE3A061}.Release|Any CPU.Build.0 = Release|Any CPU
		{094788F3-CEBD-49F6-9F7B-00887AE3A061}.Release|Mixed Platforms.ActiveCfg = Release|Any CPU
		{094788F3-CEBD-49F6-9F7B-00887AE3A061}.Release|Mixed Platforms.Build.0 = Release|Any CPU
		{8D0C1DBB-3055-4FB5-83D9-6699ECB6F08C}.Debug|.NET.ActiveCfg = Debug|Any CPU
		{8D0C1DBB-3055-4FB5-83D9-6699ECB6F08C}.Debug|Any CPU.ActiveCfg = Debug|Any CPU
		{8D0C1DBB-3055-4FB5-83D9-6699ECB6F08C}.Debug|Any CPU.Build.0 = Debug|Any CPU
		{8D0C1DBB-3055-4FB5-83D9-6699ECB6F08C}.Debug|Mixed Platforms.ActiveCfg = Debug|Any CPU
		{8D0C1DBB-3055-4FB5-83D9-6699ECB6F08C}.Debug|Mixed Platforms.Build.0 = Debug|Any CPU
		{8D0C1DBB-3055-4FB5-83D9-6699ECB6F08C}.Release|.NET.ActiveCfg = Release|Any CPU
		{8D0C1DBB-3055-4FB5-83D9-6699ECB6F08C}.Release|Any CPU.ActiveCfg = Release|Any CPU
		{8D0C1DBB-3055-4FB5-83D9-6699ECB6F08C}.Release|Any CPU.Build.0 = Release|Any CPU
		{8D0C1DBB-3055-4FB5-83D9-6699ECB6F08C}.Release|Mixed Platforms.ActiveCfg = Release|Any CPU
		{8D0C1DBB-3055-4FB5-83D9-6699ECB6F08C}.Release|Mixed Platforms.Build.0 = Release|Any CPU
		{1729C433-D43D-42C4-AA9E-848B845EBC11}.Debug|.NET.ActiveCfg = Debug|Any CPU
		{1729C433-D43D-42C4-AA9E-848B845EBC11}.Debug|Any CPU.ActiveCfg = Debug|Any CPU
		{1729C433-D43D-42C4-AA9E-848B845EBC11}.Debug|Any CPU.Build.0 = Debug|Any CPU
		{1729C433-D43D-42C4-AA9E-848B845EBC11}.Debug|Mixed Platforms.ActiveCfg = Debug|Any CPU
		{1729C433-D43D-42C4-AA9E-848B845EBC11}.Debug|Mixed Platforms.Build.0 = Debug|Any CPU
		{1729C433-D43D-42C4-AA9E-848B845EBC11}.Release|.NET.ActiveCfg = Release|Any CPU
		{1729C433-D43D-42C4-AA9E-848B845EBC11}.Release|Any CPU.ActiveCfg = Release|Any CPU
		{1729C433-D43D-42C4-AA9E-848B845EBC11}.Release|Any CPU.Build.0 = Release|Any CPU
		{1729C433-D43D-42C4-AA9E-848B845EBC11}.Release|Mixed Platforms.ActiveCfg = Release|Any CPU
		{1729C433-D43D-42C4-AA9E-848B845EBC11}.Release|Mixed Platforms.Build.0 = Release|Any CPU
		{EE3EFD40-537D-43AF-B2C3-FAC3D65B0753}.Debug|.NET.ActiveCfg = Debug|Any CPU
		{EE3EFD40-537D-43AF-B2C3-FAC3D65B0753}.Debug|Any CPU.ActiveCfg = Debug|Any CPU
		{EE3EFD40-537D-43AF-B2C3-FAC3D65B0753}.Debug|Any CPU.Build.0 = Debug|Any CPU
		{EE3EFD40-537D-43AF-B2C3-FAC3D65B0753}.Debug|Mixed Platforms.ActiveCfg = Debug|Any CPU
		{EE3EFD40-537D-43AF-B2C3-FAC3D65B0753}.Debug|Mixed Platforms.Build.0 = Debug|Any CPU
		{EE3EFD40-537D-43AF-B2C3-FAC3D65B0753}.Release|.NET.ActiveCfg = Release|Any CPU
		{EE3EFD40-537D-43AF-B2C3-FAC3D65B0753}.Release|Any CPU.ActiveCfg = Release|Any CPU
		{EE3EFD40-537D-43AF-B2C3-FAC3D65B0753}.Release|Any CPU.Build.0 = Release|Any CPU
		{EE3EFD40-537D-43AF-B2C3-FAC3D65B0753}.Release|Mixed Platforms.ActiveCfg = Release|Any CPU
		{EE3EFD40-537D-43AF-B2C3-FAC3D65B0753}.Release|Mixed Platforms.Build.0 = Release|Any CPU
		{76590B93-EB83-4127-A860-C743D4D82021}.Debug|.NET.ActiveCfg = Debug|Any CPU
		{76590B93-EB83-4127-A860-C743D4D82021}.Debug|Any CPU.ActiveCfg = Debug|Any CPU
		{76590B93-EB83-4127-A860-C743D4D82021}.Debug|Any CPU.Build.0 = Debug|Any CPU
		{76590B93-EB83-4127-A860-C743D4D82021}.Debug|Mixed Platforms.ActiveCfg = Debug|Any CPU
		{76590B93-EB83-4127-A860-C743D4D82021}.Debug|Mixed Platforms.Build.0 = Debug|Any CPU
		{76590B93-EB83-4127-A860-C743D4D82021}.Release|.NET.ActiveCfg = Release|Any CPU
		{76590B93-EB83-4127-A860-C743D4D82021}.Release|Any CPU.ActiveCfg = Release|Any CPU
		{76590B93-EB83-4127-A860-C743D4D82021}.Release|Any CPU.Build.0 = Release|Any CPU
		{76590B93-EB83-4127-A860-C743D4D82021}.Release|Mixed Platforms.ActiveCfg = Release|Any CPU
		{76590B93-EB83-4127-A860-C743D4D82021}.Release|Mixed Platforms.Build.0 = Release|Any CPU
	EndGlobalSection
	GlobalSection(SolutionProperties) = preSolution
		HideSolutionNode = FALSE
	EndGlobalSection
EndGlobal
