
Microsoft Visual Studio Solution File, Format Version 10.00
# Visual Studio 2008
Project("{FAE04EC0-301F-11D3-BF4B-00C04F79EFBC}") = "UsingLINQDesigner", "UsingLINQDesigner\UsingLINQDesigner.csproj", "{1A48450A-4B2D-440D-B9FD-F1781D0811E3}"
EndProject
Project("{FAE04EC0-301F-11D3-BF4B-00C04F79EFBC}") = "ReadingWithLINQToSQL", "ReadingWithLINQToSQL\ReadingWithLINQToSQL.csproj", "{FA6E4A8F-33E8-475F-96AA-231061BA7782}"
EndProject
Project("{FAE04EC0-301F-11D3-BF4B-00C04F79EFBC}") = "ReadingFromMultipleTables", "ReadingFromMultipleTables\ReadingFromMultipleTables.csproj", "{0E9303C0-C17D-4CD7-8DB8-ABDB05994615}"
EndProject
Project("{FAE04EC0-301F-11D3-BF4B-00C04F79EFBC}") = "UpdatingDeletingInsertingData", "UpdatingDeletingInsertingData\UpdatingDeletingInsertingData.csproj", "{E0924270-050F-40B4-9CFF-7273462FE7C9}"
EndProject
Project("{FAE04EC0-301F-11D3-BF4B-00C04F79EFBC}") = "ExecuteSQLQuery", "ExecuteSQLQuery\ExecuteSQLQuery.csproj", "{7CF77146-8971-4453-B69B-8272A9820249}"
EndProject
Global
	GlobalSection(SolutionConfigurationPlatforms) = preSolution
		Debug|Any CPU = Debug|Any CPU
		Release|Any CPU = Release|Any CPU
	EndGlobalSection
	GlobalSection(ProjectConfigurationPlatforms) = postSolution
		{1A48450A-4B2D-440D-B9FD-F1781D0811E3}.Debug|Any CPU.ActiveCfg = Debug|Any CPU
		{1A48450A-4B2D-440D-B9FD-F1781D0811E3}.Debug|Any CPU.Build.0 = Debug|Any CPU
		{1A48450A-4B2D-440D-B9FD-F1781D0811E3}.Release|Any CPU.ActiveCfg = Release|Any CPU
		{1A48450A-4B2D-440D-B9FD-F1781D0811E3}.Release|Any CPU.Build.0 = Release|Any CPU
		{FA6E4A8F-33E8-475F-96AA-231061BA7782}.Debug|Any CPU.ActiveCfg = Debug|Any CPU
		{FA6E4A8F-33E8-475F-96AA-231061BA7782}.Debug|Any CPU.Build.0 = Debug|Any CPU
		{FA6E4A8F-33E8-475F-96AA-231061BA7782}.Release|Any CPU.ActiveCfg = Release|Any CPU
		{FA6E4A8F-33E8-475F-96AA-231061BA7782}.Release|Any CPU.Build.0 = Release|Any CPU
		{0E9303C0-C17D-4CD7-8DB8-ABDB05994615}.Debug|Any CPU.ActiveCfg = Debug|Any CPU
		{0E9303C0-C17D-4CD7-8DB8-ABDB05994615}.Debug|Any CPU.Build.0 = Debug|Any CPU
		{0E9303C0-C17D-4CD7-8DB8-ABDB05994615}.Release|Any CPU.ActiveCfg = Release|Any CPU
		{0E9303C0-C17D-4CD7-8DB8-ABDB05994615}.Release|Any CPU.Build.0 = Release|Any CPU
		{E0924270-050F-40B4-9CFF-7273462FE7C9}.Debug|Any CPU.ActiveCfg = Debug|Any CPU
		{E0924270-050F-40B4-9CFF-7273462FE7C9}.Debug|Any CPU.Build.0 = Debug|Any CPU
		{E0924270-050F-40B4-9CFF-7273462FE7C9}.Release|Any CPU.ActiveCfg = Release|Any CPU
		{E0924270-050F-40B4-9CFF-7273462FE7C9}.Release|Any CPU.Build.0 = Release|Any CPU
		{7CF77146-8971-4453-B69B-8272A9820249}.Debug|Any CPU.ActiveCfg = Debug|Any CPU
		{7CF77146-8971-4453-B69B-8272A9820249}.Debug|Any CPU.Build.0 = Debug|Any CPU
		{7CF77146-8971-4453-B69B-8272A9820249}.Release|Any CPU.ActiveCfg = Release|Any CPU
		{7CF77146-8971-4453-B69B-8272A9820249}.Release|Any CPU.Build.0 = Release|Any CPU
	EndGlobalSection
	GlobalSection(SolutionProperties) = preSolution
		HideSolutionNode = FALSE
	EndGlobalSection
EndGlobal
