
Microsoft Visual Studio Solution File, Format Version 11.00
# Visual Studio 2010
Project("{FAE04EC0-301F-11D3-BF4B-00C04F79EFBC}") = "1. PrintingToConsole", "PrintingToConsole\1. PrintingToConsole.csproj", "{A7CF5B59-8E32-4A09-9FF1-E90D5278BCA0}"
EndProject
Project("{FAE04EC0-301F-11D3-BF4B-00C04F79EFBC}") = "2. ReadingCharacters", "ReadingCharactrers\2. ReadingCharacters.csproj", "{B9D084B4-BF84-4430-ACB4-18FE21BA87EB}"
EndProject
Project("{FAE04EC0-301F-11D3-BF4B-00C04F79EFBC}") = "3. ReadingStrings", "ReadingStrings\3. ReadingStrings.csproj", "{63EE308F-C1E2-4E05-861D-CE94F0D2BF8D}"
EndProject
Project("{FAE04EC0-301F-11D3-BF4B-00C04F79EFBC}") = "4. ReadingNumbers", "ReadingNumbers\4. ReadingNumbers.csproj", "{DA3C2C13-40A8-4796-958C-01654C0F22DF}"
EndProject
Project("{FAE04EC0-301F-11D3-BF4B-00C04F79EFBC}") = "5. PrintingLetter", "PrintingLetter\5. PrintingLetter.csproj", "{26BC78C0-1662-40AF-87A9-C0B1D3570C20}"
EndProject
Project("{FAE04EC0-301F-11D3-BF4B-00C04F79EFBC}") = "6. CalculatingArea", "CalculatingArea\6. CalculatingArea.csproj", "{7A8E2781-677E-45DF-97C0-A835F3BE8B75}"
EndProject
Global
	GlobalSection(SolutionConfigurationPlatforms) = preSolution
		Debug|Any CPU = Debug|Any CPU
		Release|Any CPU = Release|Any CPU
	EndGlobalSection
	GlobalSection(ProjectConfigurationPlatforms) = postSolution
		{A7CF5B59-8E32-4A09-9FF1-E90D5278BCA0}.Debug|Any CPU.ActiveCfg = Debug|Any CPU
		{A7CF5B59-8E32-4A09-9FF1-E90D5278BCA0}.Debug|Any CPU.Build.0 = Debug|Any CPU
		{A7CF5B59-8E32-4A09-9FF1-E90D5278BCA0}.Release|Any CPU.ActiveCfg = Release|Any CPU
		{A7CF5B59-8E32-4A09-9FF1-E90D5278BCA0}.Release|Any CPU.Build.0 = Release|Any CPU
		{B9D084B4-BF84-4430-ACB4-18FE21BA87EB}.Debug|Any CPU.ActiveCfg = Debug|Any CPU
		{B9D084B4-BF84-4430-ACB4-18FE21BA87EB}.Debug|Any CPU.Build.0 = Debug|Any CPU
		{B9D084B4-BF84-4430-ACB4-18FE21BA87EB}.Release|Any CPU.ActiveCfg = Release|Any CPU
		{B9D084B4-BF84-4430-ACB4-18FE21BA87EB}.Release|Any CPU.Build.0 = Release|Any CPU
		{63EE308F-C1E2-4E05-861D-CE94F0D2BF8D}.Debug|Any CPU.ActiveCfg = Debug|Any CPU
		{63EE308F-C1E2-4E05-861D-CE94F0D2BF8D}.Debug|Any CPU.Build.0 = Debug|Any CPU
		{63EE308F-C1E2-4E05-861D-CE94F0D2BF8D}.Release|Any CPU.ActiveCfg = Release|Any CPU
		{63EE308F-C1E2-4E05-861D-CE94F0D2BF8D}.Release|Any CPU.Build.0 = Release|Any CPU
		{DA3C2C13-40A8-4796-958C-01654C0F22DF}.Debug|Any CPU.ActiveCfg = Debug|Any CPU
		{DA3C2C13-40A8-4796-958C-01654C0F22DF}.Debug|Any CPU.Build.0 = Debug|Any CPU
		{DA3C2C13-40A8-4796-958C-01654C0F22DF}.Release|Any CPU.ActiveCfg = Release|Any CPU
		{DA3C2C13-40A8-4796-958C-01654C0F22DF}.Release|Any CPU.Build.0 = Release|Any CPU
		{26BC78C0-1662-40AF-87A9-C0B1D3570C20}.Debug|Any CPU.ActiveCfg = Debug|Any CPU
		{26BC78C0-1662-40AF-87A9-C0B1D3570C20}.Debug|Any CPU.Build.0 = Debug|Any CPU
		{26BC78C0-1662-40AF-87A9-C0B1D3570C20}.Release|Any CPU.ActiveCfg = Release|Any CPU
		{26BC78C0-1662-40AF-87A9-C0B1D3570C20}.Release|Any CPU.Build.0 = Release|Any CPU
		{7A8E2781-677E-45DF-97C0-A835F3BE8B75}.Debug|Any CPU.ActiveCfg = Debug|Any CPU
		{7A8E2781-677E-45DF-97C0-A835F3BE8B75}.Debug|Any CPU.Build.0 = Debug|Any CPU
		{7A8E2781-677E-45DF-97C0-A835F3BE8B75}.Release|Any CPU.ActiveCfg = Release|Any CPU
		{7A8E2781-677E-45DF-97C0-A835F3BE8B75}.Release|Any CPU.Build.0 = Release|Any CPU
	EndGlobalSection
	GlobalSection(SolutionProperties) = preSolution
		HideSolutionNode = FALSE
	EndGlobalSection
EndGlobal
